// !$*UTF8*$!
{
	archiveVersion = 1;
	classes = {
	};
	objectVersion = 51;
	objects = {

/* Begin PBXBuildFile section */
		029D55D064A96806955C1D87 /* Pods_Covid_TrackTests.framework in Frameworks */ = {isa = PBXBuildFile; fileRef = 695D3997F363E1CD779B320F /* Pods_Covid_TrackTests.framework */; };
		340432A124D04D7300FF9BA7 /* AppDelegate.swift in Sources */ = {isa = PBXBuildFile; fileRef = 340432A024D04D7300FF9BA7 /* AppDelegate.swift */; };
		340432A324D04D7300FF9BA7 /* SceneDelegate.swift in Sources */ = {isa = PBXBuildFile; fileRef = 340432A224D04D7300FF9BA7 /* SceneDelegate.swift */; };
		340432A824D04D7300FF9BA7 /* Visit.storyboard in Resources */ = {isa = PBXBuildFile; fileRef = 340432A624D04D7300FF9BA7 /* Visit.storyboard */; };
		340432AA24D04D7500FF9BA7 /* Assets.xcassets in Resources */ = {isa = PBXBuildFile; fileRef = 340432A924D04D7500FF9BA7 /* Assets.xcassets */; };
		340432AD24D04D7500FF9BA7 /* LaunchScreen.storyboard in Resources */ = {isa = PBXBuildFile; fileRef = 340432AB24D04D7500FF9BA7 /* LaunchScreen.storyboard */; };
		340432D224D04FE700FF9BA7 /* VisitHistoryViewController.swift in Sources */ = {isa = PBXBuildFile; fileRef = 340432D124D04FE700FF9BA7 /* VisitHistoryViewController.swift */; };
		340432D424D04FFB00FF9BA7 /* VisitDetailViewController.swift in Sources */ = {isa = PBXBuildFile; fileRef = 340432D324D04FFB00FF9BA7 /* VisitDetailViewController.swift */; };
		340432D624D0502300FF9BA7 /* VisitRecordViewController.swift in Sources */ = {isa = PBXBuildFile; fileRef = 340432D524D0502300FF9BA7 /* VisitRecordViewController.swift */; };
		340432D824D0508300FF9BA7 /* VisitModel.swift in Sources */ = {isa = PBXBuildFile; fileRef = 340432D724D0508300FF9BA7 /* VisitModel.swift */; };
		340432DB24D050CA00FF9BA7 /* VisitorModel.swift in Sources */ = {isa = PBXBuildFile; fileRef = 340432DA24D050CA00FF9BA7 /* VisitorModel.swift */; };
		340432E024D0514000FF9BA7 /* VisitDetailViewModel.swift in Sources */ = {isa = PBXBuildFile; fileRef = 340432DF24D0514000FF9BA7 /* VisitDetailViewModel.swift */; };
		340432E224D0517600FF9BA7 /* VisitHistoryViewModel.swift in Sources */ = {isa = PBXBuildFile; fileRef = 340432E124D0517600FF9BA7 /* VisitHistoryViewModel.swift */; };
		340432E424D051A100FF9BA7 /* VisitRecordViewModel.swift in Sources */ = {isa = PBXBuildFile; fileRef = 340432E324D051A100FF9BA7 /* VisitRecordViewModel.swift */; };
		340432E624D056E700FF9BA7 /* StoryboardIdentifiable.swift in Sources */ = {isa = PBXBuildFile; fileRef = 340432E524D056E700FF9BA7 /* StoryboardIdentifiable.swift */; };
		340432EC24D05A0700FF9BA7 /* StoryboardHelper.swift in Sources */ = {isa = PBXBuildFile; fileRef = 340432EB24D05A0700FF9BA7 /* StoryboardHelper.swift */; };
		340432F024D05D8900FF9BA7 /* Cell+ResubaleView.swift in Sources */ = {isa = PBXBuildFile; fileRef = 340432EF24D05D8900FF9BA7 /* Cell+ResubaleView.swift */; };
		340432F224D05F7C00FF9BA7 /* NibLoadableView.swift in Sources */ = {isa = PBXBuildFile; fileRef = 340432F124D05F7C00FF9BA7 /* NibLoadableView.swift */; };
		340432F424D060A900FF9BA7 /* AppConstants.swift in Sources */ = {isa = PBXBuildFile; fileRef = 340432F324D060A900FF9BA7 /* AppConstants.swift */; };
		341EA34024D9889600D83AF2 /* VisitRecordSpec.swift in Sources */ = {isa = PBXBuildFile; fileRef = 341EA33F24D9889600D83AF2 /* VisitRecordSpec.swift */; };
		3449FEA124D5100100461F14 /* VisitRecordViewController+TemperaturePicker.swift in Sources */ = {isa = PBXBuildFile; fileRef = 3449FEA024D5100100461F14 /* VisitRecordViewController+TemperaturePicker.swift */; };
		3449FEA324D511CC00461F14 /* Button+Extension.swift in Sources */ = {isa = PBXBuildFile; fileRef = 3449FEA224D511CC00461F14 /* Button+Extension.swift */; };
		3449FEA724D52DDE00461F14 /* VisitorRepository.swift in Sources */ = {isa = PBXBuildFile; fileRef = 3449FEA624D52DDE00461F14 /* VisitorRepository.swift */; };
		3449FEAA24D52E4F00461F14 /* VisitorDatabaseRespository.swift in Sources */ = {isa = PBXBuildFile; fileRef = 3449FEA924D52E4F00461F14 /* VisitorDatabaseRespository.swift */; };
		3449FEAD24D5318A00461F14 /* VisitRepository.swift in Sources */ = {isa = PBXBuildFile; fileRef = 3449FEAC24D5318A00461F14 /* VisitRepository.swift */; };
		3449FEAF24D531EE00461F14 /* VisitDBRepository.swift in Sources */ = {isa = PBXBuildFile; fileRef = 3449FEAE24D531EE00461F14 /* VisitDBRepository.swift */; };
		3449FEB724D538C900461F14 /* VisitHistoryTableViewCell.swift in Sources */ = {isa = PBXBuildFile; fileRef = 3449FEB524D538C900461F14 /* VisitHistoryTableViewCell.swift */; };
		3449FEB824D538C900461F14 /* VisitHistoryTableViewCell.xib in Resources */ = {isa = PBXBuildFile; fileRef = 3449FEB624D538C900461F14 /* VisitHistoryTableViewCell.xib */; };
		3449FEBA24D53E1300461F14 /* TableView+Extension.swift in Sources */ = {isa = PBXBuildFile; fileRef = 3449FEB924D53E1300461F14 /* TableView+Extension.swift */; };
		3449FEBC24D541A600461F14 /* VisitViewModel.swift in Sources */ = {isa = PBXBuildFile; fileRef = 3449FEBB24D541A600461F14 /* VisitViewModel.swift */; };
		3449FEC124D56FE800461F14 /* UIViewController+Alert.swift in Sources */ = {isa = PBXBuildFile; fileRef = 3449FEC024D56FE800461F14 /* UIViewController+Alert.swift */; };
		349BC11325063F7700568CE0 /* MockVistRepository.swift in Sources */ = {isa = PBXBuildFile; fileRef = 349BC11225063F7700568CE0 /* MockVistRepository.swift */; };
		349BC115250640A900568CE0 /* MockVisitorRepository.swift in Sources */ = {isa = PBXBuildFile; fileRef = 349BC114250640A900568CE0 /* MockVisitorRepository.swift */; };
		34B358CB24D64D000085BE0F /* String+Extension.swift in Sources */ = {isa = PBXBuildFile; fileRef = 34B358CA24D64D000085BE0F /* String+Extension.swift */; };
		34B358CD24D68DDF0085BE0F /* View+Extension.swift in Sources */ = {isa = PBXBuildFile; fileRef = 34B358CC24D68DDF0085BE0F /* View+Extension.swift */; };
		34FB9CF824D450690098D236 /* FontConstants.swift in Sources */ = {isa = PBXBuildFile; fileRef = 34FB9CF724D450690098D236 /* FontConstants.swift */; };
		34FB9CFB24D4566B0098D236 /* ImagePicker.swift in Sources */ = {isa = PBXBuildFile; fileRef = 34FB9CFA24D4566B0098D236 /* ImagePicker.swift */; };
		34FB9CFD24D462D40098D236 /* Image.swift in Sources */ = {isa = PBXBuildFile; fileRef = 34FB9CFC24D462D40098D236 /* Image.swift */; };
		8227C29DEA63A2F0F6F07A15 /* Pods_Covid_Track.framework in Frameworks */ = {isa = PBXBuildFile; fileRef = E099858B368CFFE14D055F5F /* Pods_Covid_Track.framework */; };
/* End PBXBuildFile section */

/* Begin PBXContainerItemProxy section */
		340432B424D04D7500FF9BA7 /* PBXContainerItemProxy */ = {
			isa = PBXContainerItemProxy;
			containerPortal = 3404329524D04D7300FF9BA7 /* Project object */;
			proxyType = 1;
			remoteGlobalIDString = 3404329C24D04D7300FF9BA7;
			remoteInfo = "Covid Track";
		};
/* End PBXContainerItemProxy section */

/* Begin PBXFileReference section */
		17A704BD0433CF09AC223025 /* Pods-Covid TrackTests.debug.xcconfig */ = {isa = PBXFileReference; includeInIndex = 1; lastKnownFileType = text.xcconfig; name = "Pods-Covid TrackTests.debug.xcconfig"; path = "Target Support Files/Pods-Covid TrackTests/Pods-Covid TrackTests.debug.xcconfig"; sourceTree = "<group>"; };
		3404329D24D04D7300FF9BA7 /* Covid Track.app */ = {isa = PBXFileReference; explicitFileType = wrapper.application; includeInIndex = 0; path = "Covid Track.app"; sourceTree = BUILT_PRODUCTS_DIR; };
		340432A024D04D7300FF9BA7 /* AppDelegate.swift */ = {isa = PBXFileReference; lastKnownFileType = sourcecode.swift; path = AppDelegate.swift; sourceTree = "<group>"; };
		340432A224D04D7300FF9BA7 /* SceneDelegate.swift */ = {isa = PBXFileReference; lastKnownFileType = sourcecode.swift; path = SceneDelegate.swift; sourceTree = "<group>"; };
		340432A724D04D7300FF9BA7 /* Base */ = {isa = PBXFileReference; lastKnownFileType = file.storyboard; name = Base; path = Base.lproj/Visit.storyboard; sourceTree = "<group>"; };
		340432A924D04D7500FF9BA7 /* Assets.xcassets */ = {isa = PBXFileReference; lastKnownFileType = folder.assetcatalog; path = Assets.xcassets; sourceTree = "<group>"; };
		340432AC24D04D7500FF9BA7 /* Base */ = {isa = PBXFileReference; lastKnownFileType = file.storyboard; name = Base; path = Base.lproj/LaunchScreen.storyboard; sourceTree = "<group>"; };
		340432AE24D04D7500FF9BA7 /* Info.plist */ = {isa = PBXFileReference; lastKnownFileType = text.plist.xml; path = Info.plist; sourceTree = "<group>"; };
		340432B324D04D7500FF9BA7 /* Covid TrackTests.xctest */ = {isa = PBXFileReference; explicitFileType = wrapper.cfbundle; includeInIndex = 0; path = "Covid TrackTests.xctest"; sourceTree = BUILT_PRODUCTS_DIR; };
		340432B924D04D7500FF9BA7 /* Info.plist */ = {isa = PBXFileReference; lastKnownFileType = text.plist.xml; path = Info.plist; sourceTree = "<group>"; };
		340432D124D04FE700FF9BA7 /* VisitHistoryViewController.swift */ = {isa = PBXFileReference; lastKnownFileType = sourcecode.swift; path = VisitHistoryViewController.swift; sourceTree = "<group>"; };
		340432D324D04FFB00FF9BA7 /* VisitDetailViewController.swift */ = {isa = PBXFileReference; lastKnownFileType = sourcecode.swift; path = VisitDetailViewController.swift; sourceTree = "<group>"; };
		340432D524D0502300FF9BA7 /* VisitRecordViewController.swift */ = {isa = PBXFileReference; lastKnownFileType = sourcecode.swift; path = VisitRecordViewController.swift; sourceTree = "<group>"; };
		340432D724D0508300FF9BA7 /* VisitModel.swift */ = {isa = PBXFileReference; lastKnownFileType = sourcecode.swift; path = VisitModel.swift; sourceTree = "<group>"; };
		340432DA24D050CA00FF9BA7 /* VisitorModel.swift */ = {isa = PBXFileReference; lastKnownFileType = sourcecode.swift; path = VisitorModel.swift; sourceTree = "<group>"; };
		340432DF24D0514000FF9BA7 /* VisitDetailViewModel.swift */ = {isa = PBXFileReference; lastKnownFileType = sourcecode.swift; path = VisitDetailViewModel.swift; sourceTree = "<group>"; };
		340432E124D0517600FF9BA7 /* VisitHistoryViewModel.swift */ = {isa = PBXFileReference; lastKnownFileType = sourcecode.swift; path = VisitHistoryViewModel.swift; sourceTree = "<group>"; };
		340432E324D051A100FF9BA7 /* VisitRecordViewModel.swift */ = {isa = PBXFileReference; lastKnownFileType = sourcecode.swift; path = VisitRecordViewModel.swift; sourceTree = "<group>"; };
		340432E524D056E700FF9BA7 /* StoryboardIdentifiable.swift */ = {isa = PBXFileReference; lastKnownFileType = sourcecode.swift; path = StoryboardIdentifiable.swift; sourceTree = "<group>"; };
		340432EB24D05A0700FF9BA7 /* StoryboardHelper.swift */ = {isa = PBXFileReference; lastKnownFileType = sourcecode.swift; path = StoryboardHelper.swift; sourceTree = "<group>"; };
		340432EF24D05D8900FF9BA7 /* Cell+ResubaleView.swift */ = {isa = PBXFileReference; lastKnownFileType = sourcecode.swift; path = "Cell+ResubaleView.swift"; sourceTree = "<group>"; };
		340432F124D05F7C00FF9BA7 /* NibLoadableView.swift */ = {isa = PBXFileReference; lastKnownFileType = sourcecode.swift; path = NibLoadableView.swift; sourceTree = "<group>"; };
		340432F324D060A900FF9BA7 /* AppConstants.swift */ = {isa = PBXFileReference; lastKnownFileType = sourcecode.swift; path = AppConstants.swift; sourceTree = "<group>"; };
		341EA33624D987EC00D83AF2 /* Quick.framework */ = {isa = PBXFileReference; explicitFileType = wrapper.framework; path = Quick.framework; sourceTree = BUILT_PRODUCTS_DIR; };
		341EA33824D987F400D83AF2 /* Nimble.framework */ = {isa = PBXFileReference; explicitFileType = wrapper.framework; path = Nimble.framework; sourceTree = BUILT_PRODUCTS_DIR; };
		341EA33A24D9881300D83AF2 /* Nimble.framework */ = {isa = PBXFileReference; explicitFileType = wrapper.framework; path = Nimble.framework; sourceTree = BUILT_PRODUCTS_DIR; };
		341EA33C24D9881F00D83AF2 /* Quick.framework */ = {isa = PBXFileReference; explicitFileType = wrapper.framework; path = Quick.framework; sourceTree = BUILT_PRODUCTS_DIR; };
		341EA33F24D9889600D83AF2 /* VisitRecordSpec.swift */ = {isa = PBXFileReference; lastKnownFileType = sourcecode.swift; path = VisitRecordSpec.swift; sourceTree = "<group>"; };
		341EA34124D98E2200D83AF2 /* Nimble.framework */ = {isa = PBXFileReference; explicitFileType = wrapper.framework; path = Nimble.framework; sourceTree = BUILT_PRODUCTS_DIR; };
		341EA34324D98E2200D83AF2 /* Quick.framework */ = {isa = PBXFileReference; explicitFileType = wrapper.framework; path = Quick.framework; sourceTree = BUILT_PRODUCTS_DIR; };
		341EA34724D9922300D83AF2 /* Covid TrackTests-Bridging-Header.h */ = {isa = PBXFileReference; fileEncoding = 4; lastKnownFileType = sourcecode.c.h; path = "Covid TrackTests-Bridging-Header.h"; sourceTree = "<group>"; };
		3449FEA024D5100100461F14 /* VisitRecordViewController+TemperaturePicker.swift */ = {isa = PBXFileReference; lastKnownFileType = sourcecode.swift; path = "VisitRecordViewController+TemperaturePicker.swift"; sourceTree = "<group>"; };
		3449FEA224D511CC00461F14 /* Button+Extension.swift */ = {isa = PBXFileReference; lastKnownFileType = sourcecode.swift; path = "Button+Extension.swift"; sourceTree = "<group>"; };
		3449FEA624D52DDE00461F14 /* VisitorRepository.swift */ = {isa = PBXFileReference; lastKnownFileType = sourcecode.swift; path = VisitorRepository.swift; sourceTree = "<group>"; };
		3449FEA924D52E4F00461F14 /* VisitorDatabaseRespository.swift */ = {isa = PBXFileReference; lastKnownFileType = sourcecode.swift; path = VisitorDatabaseRespository.swift; sourceTree = "<group>"; };
		3449FEAC24D5318A00461F14 /* VisitRepository.swift */ = {isa = PBXFileReference; lastKnownFileType = sourcecode.swift; path = VisitRepository.swift; sourceTree = "<group>"; };
		3449FEAE24D531EE00461F14 /* VisitDBRepository.swift */ = {isa = PBXFileReference; lastKnownFileType = sourcecode.swift; path = VisitDBRepository.swift; sourceTree = "<group>"; };
		3449FEB524D538C900461F14 /* VisitHistoryTableViewCell.swift */ = {isa = PBXFileReference; lastKnownFileType = sourcecode.swift; path = VisitHistoryTableViewCell.swift; sourceTree = "<group>"; };
		3449FEB624D538C900461F14 /* VisitHistoryTableViewCell.xib */ = {isa = PBXFileReference; lastKnownFileType = file.xib; path = VisitHistoryTableViewCell.xib; sourceTree = "<group>"; };
		3449FEB924D53E1300461F14 /* TableView+Extension.swift */ = {isa = PBXFileReference; lastKnownFileType = sourcecode.swift; path = "TableView+Extension.swift"; sourceTree = "<group>"; };
		3449FEBB24D541A600461F14 /* VisitViewModel.swift */ = {isa = PBXFileReference; lastKnownFileType = sourcecode.swift; path = VisitViewModel.swift; sourceTree = "<group>"; };
		3449FEC024D56FE800461F14 /* UIViewController+Alert.swift */ = {isa = PBXFileReference; lastKnownFileType = sourcecode.swift; path = "UIViewController+Alert.swift"; sourceTree = "<group>"; };
		349BC11225063F7700568CE0 /* MockVistRepository.swift */ = {isa = PBXFileReference; lastKnownFileType = sourcecode.swift; path = MockVistRepository.swift; sourceTree = "<group>"; };
		349BC114250640A900568CE0 /* MockVisitorRepository.swift */ = {isa = PBXFileReference; lastKnownFileType = sourcecode.swift; path = MockVisitorRepository.swift; sourceTree = "<group>"; };
		34B358CA24D64D000085BE0F /* String+Extension.swift */ = {isa = PBXFileReference; lastKnownFileType = sourcecode.swift; path = "String+Extension.swift"; sourceTree = "<group>"; };
		34B358CC24D68DDF0085BE0F /* View+Extension.swift */ = {isa = PBXFileReference; lastKnownFileType = sourcecode.swift; path = "View+Extension.swift"; sourceTree = "<group>"; };
		34FB9CF724D450690098D236 /* FontConstants.swift */ = {isa = PBXFileReference; lastKnownFileType = sourcecode.swift; path = FontConstants.swift; sourceTree = "<group>"; };
		34FB9CFA24D4566B0098D236 /* ImagePicker.swift */ = {isa = PBXFileReference; lastKnownFileType = sourcecode.swift; path = ImagePicker.swift; sourceTree = "<group>"; };
		34FB9CFC24D462D40098D236 /* Image.swift */ = {isa = PBXFileReference; lastKnownFileType = sourcecode.swift; path = Image.swift; sourceTree = "<group>"; };
		3C01ADF089C4CF1DE2CDF542 /* Pods-Covid TrackTests.release.xcconfig */ = {isa = PBXFileReference; includeInIndex = 1; lastKnownFileType = text.xcconfig; name = "Pods-Covid TrackTests.release.xcconfig"; path = "Target Support Files/Pods-Covid TrackTests/Pods-Covid TrackTests.release.xcconfig"; sourceTree = "<group>"; };
		6600A693F8D2A321E000DEB0 /* Pods-Covid Track.debug.xcconfig */ = {isa = PBXFileReference; includeInIndex = 1; lastKnownFileType = text.xcconfig; name = "Pods-Covid Track.debug.xcconfig"; path = "Target Support Files/Pods-Covid Track/Pods-Covid Track.debug.xcconfig"; sourceTree = "<group>"; };
		695D3997F363E1CD779B320F /* Pods_Covid_TrackTests.framework */ = {isa = PBXFileReference; explicitFileType = wrapper.framework; includeInIndex = 0; path = Pods_Covid_TrackTests.framework; sourceTree = BUILT_PRODUCTS_DIR; };
		A5B481BB954DC4A2F52A6818 /* Pods-Covid Track.release.xcconfig */ = {isa = PBXFileReference; includeInIndex = 1; lastKnownFileType = text.xcconfig; name = "Pods-Covid Track.release.xcconfig"; path = "Target Support Files/Pods-Covid Track/Pods-Covid Track.release.xcconfig"; sourceTree = "<group>"; };
		E099858B368CFFE14D055F5F /* Pods_Covid_Track.framework */ = {isa = PBXFileReference; explicitFileType = wrapper.framework; includeInIndex = 0; path = Pods_Covid_Track.framework; sourceTree = BUILT_PRODUCTS_DIR; };
/* End PBXFileReference section */

/* Begin PBXFrameworksBuildPhase section */
		3404329A24D04D7300FF9BA7 /* Frameworks */ = {
			isa = PBXFrameworksBuildPhase;
			buildActionMask = 2147483647;
			files = (
				8227C29DEA63A2F0F6F07A15 /* Pods_Covid_Track.framework in Frameworks */,
			);
			runOnlyForDeploymentPostprocessing = 0;
		};
		340432B024D04D7500FF9BA7 /* Frameworks */ = {
			isa = PBXFrameworksBuildPhase;
			buildActionMask = 2147483647;
			files = (
				029D55D064A96806955C1D87 /* Pods_Covid_TrackTests.framework in Frameworks */,
			);
			runOnlyForDeploymentPostprocessing = 0;
		};
/* End PBXFrameworksBuildPhase section */

/* Begin PBXGroup section */
		3404329424D04D7300FF9BA7 = {
			isa = PBXGroup;
			children = (
				3404329F24D04D7300FF9BA7 /* Covid Track */,
				340432B624D04D7500FF9BA7 /* Covid TrackTests */,
				3404329E24D04D7300FF9BA7 /* Products */,
				DCDDF46D906F34F956FE843C /* Pods */,
				730EAB3287EFE1D44601DAC1 /* Frameworks */,
			);
			sourceTree = "<group>";
		};
		3404329E24D04D7300FF9BA7 /* Products */ = {
			isa = PBXGroup;
			children = (
				3404329D24D04D7300FF9BA7 /* Covid Track.app */,
				340432B324D04D7500FF9BA7 /* Covid TrackTests.xctest */,
			);
			name = Products;
			sourceTree = "<group>";
		};
		3404329F24D04D7300FF9BA7 /* Covid Track */ = {
			isa = PBXGroup;
			children = (
				340432F524D107C000FF9BA7 /* Resources */,
				340432CB24D04EB200FF9BA7 /* Services */,
				340432CA24D04EA100FF9BA7 /* Repositories */,
				340432C624D04DE000FF9BA7 /* ViewModels */,
				340432C524D04DD800FF9BA7 /* Views */,
				340432C424D04DAD00FF9BA7 /* Models */,
				340432C324D04D9800FF9BA7 /* App Delegates */,
				340432C224D04D8900FF9BA7 /* Utilities */,
				340432A924D04D7500FF9BA7 /* Assets.xcassets */,
				340432AE24D04D7500FF9BA7 /* Info.plist */,
			);
			path = "Covid Track";
			sourceTree = "<group>";
		};
		340432B624D04D7500FF9BA7 /* Covid TrackTests */ = {
			isa = PBXGroup;
			children = (
				349BC11125063F5400568CE0 /* MokeRepository */,
				340432B924D04D7500FF9BA7 /* Info.plist */,
				341EA34724D9922300D83AF2 /* Covid TrackTests-Bridging-Header.h */,
				341EA33F24D9889600D83AF2 /* VisitRecordSpec.swift */,
			);
			path = "Covid TrackTests";
			sourceTree = "<group>";
		};
		340432C224D04D8900FF9BA7 /* Utilities */ = {
			isa = PBXGroup;
			children = (
				34B358C824D64C7C0085BE0F /* Extension */,
				34FB9CF924D456510098D236 /* Image Picker */,
				340432EE24D05D5000FF9BA7 /* App Constants */,
			);
			path = Utilities;
			sourceTree = "<group>";
		};
		340432C324D04D9800FF9BA7 /* App Delegates */ = {
			isa = PBXGroup;
			children = (
				340432A024D04D7300FF9BA7 /* AppDelegate.swift */,
				340432A224D04D7300FF9BA7 /* SceneDelegate.swift */,
			);
			path = "App Delegates";
			sourceTree = "<group>";
		};
		340432C424D04DAD00FF9BA7 /* Models */ = {
			isa = PBXGroup;
			children = (
				340432CD24D04EFF00FF9BA7 /* Visit */,
				340432CC24D04EC600FF9BA7 /* Visitor */,
			);
			path = Models;
			sourceTree = "<group>";
		};
		340432C524D04DD800FF9BA7 /* Views */ = {
			isa = PBXGroup;
			children = (
				340432C924D04E2F00FF9BA7 /* Tableview Cells */,
				340432C824D04E2200FF9BA7 /* Storyboards */,
				340432C724D04E0800FF9BA7 /* Controllers */,
			);
			path = Views;
			sourceTree = "<group>";
		};
		340432C624D04DE000FF9BA7 /* ViewModels */ = {
			isa = PBXGroup;
			children = (
				340432DE24D0511400FF9BA7 /* Visit Detail */,
				340432DD24D0510100FF9BA7 /* Visit History */,
				340432DC24D050E800FF9BA7 /* Visit Record */,
			);
			path = ViewModels;
			sourceTree = "<group>";
		};
		340432C724D04E0800FF9BA7 /* Controllers */ = {
			isa = PBXGroup;
			children = (
				340432D024D04F9800FF9BA7 /* Visit History */,
				340432CF24D04F8A00FF9BA7 /* Visit Detail  */,
				340432CE24D04F5A00FF9BA7 /* Visit Record */,
			);
			path = Controllers;
			sourceTree = "<group>";
		};
		340432C824D04E2200FF9BA7 /* Storyboards */ = {
			isa = PBXGroup;
			children = (
				340432AB24D04D7500FF9BA7 /* LaunchScreen.storyboard */,
				340432A624D04D7300FF9BA7 /* Visit.storyboard */,
			);
			path = Storyboards;
			sourceTree = "<group>";
		};
		340432C924D04E2F00FF9BA7 /* Tableview Cells */ = {
			isa = PBXGroup;
			children = (
				3449FEB424D5352200461F14 /* Visit History */,
			);
			path = "Tableview Cells";
			sourceTree = "<group>";
		};
		340432CA24D04EA100FF9BA7 /* Repositories */ = {
			isa = PBXGroup;
			children = (
				3449FEAB24D5317100461F14 /* visitRepository */,
				3449FEA824D52E3300461F14 /* VisitorRepository */,
			);
			path = Repositories;
			sourceTree = "<group>";
		};
		340432CB24D04EB200FF9BA7 /* Services */ = {
			isa = PBXGroup;
			children = (
			);
			path = Services;
			sourceTree = "<group>";
		};
		340432CC24D04EC600FF9BA7 /* Visitor */ = {
			isa = PBXGroup;
			children = (
				340432DA24D050CA00FF9BA7 /* VisitorModel.swift */,
			);
			path = Visitor;
			sourceTree = "<group>";
		};
		340432CD24D04EFF00FF9BA7 /* Visit */ = {
			isa = PBXGroup;
			children = (
				340432D724D0508300FF9BA7 /* VisitModel.swift */,
			);
			path = Visit;
			sourceTree = "<group>";
		};
		340432CE24D04F5A00FF9BA7 /* Visit Record */ = {
			isa = PBXGroup;
			children = (
				340432D524D0502300FF9BA7 /* VisitRecordViewController.swift */,
				3449FEA024D5100100461F14 /* VisitRecordViewController+TemperaturePicker.swift */,
			);
			path = "Visit Record";
			sourceTree = "<group>";
		};
		340432CF24D04F8A00FF9BA7 /* Visit Detail  */ = {
			isa = PBXGroup;
			children = (
				340432D324D04FFB00FF9BA7 /* VisitDetailViewController.swift */,
			);
			path = "Visit Detail ";
			sourceTree = "<group>";
		};
		340432D024D04F9800FF9BA7 /* Visit History */ = {
			isa = PBXGroup;
			children = (
				340432D124D04FE700FF9BA7 /* VisitHistoryViewController.swift */,
			);
			path = "Visit History";
			sourceTree = "<group>";
		};
		340432DC24D050E800FF9BA7 /* Visit Record */ = {
			isa = PBXGroup;
			children = (
				340432E324D051A100FF9BA7 /* VisitRecordViewModel.swift */,
			);
			path = "Visit Record";
			sourceTree = "<group>";
		};
		340432DD24D0510100FF9BA7 /* Visit History */ = {
			isa = PBXGroup;
			children = (
				340432E124D0517600FF9BA7 /* VisitHistoryViewModel.swift */,
				3449FEBB24D541A600461F14 /* VisitViewModel.swift */,
			);
			path = "Visit History";
			sourceTree = "<group>";
		};
		340432DE24D0511400FF9BA7 /* Visit Detail */ = {
			isa = PBXGroup;
			children = (
				340432DF24D0514000FF9BA7 /* VisitDetailViewModel.swift */,
			);
			path = "Visit Detail";
			sourceTree = "<group>";
		};
		340432ED24D05D4500FF9BA7 /* Views */ = {
			isa = PBXGroup;
			children = (
				340432E524D056E700FF9BA7 /* StoryboardIdentifiable.swift */,
				340432EB24D05A0700FF9BA7 /* StoryboardHelper.swift */,
				340432EF24D05D8900FF9BA7 /* Cell+ResubaleView.swift */,
				340432F124D05F7C00FF9BA7 /* NibLoadableView.swift */,
				34FB9CFC24D462D40098D236 /* Image.swift */,
				3449FEA224D511CC00461F14 /* Button+Extension.swift */,
				3449FEB924D53E1300461F14 /* TableView+Extension.swift */,
				34B358CC24D68DDF0085BE0F /* View+Extension.swift */,
			);
			path = Views;
			sourceTree = "<group>";
		};
		340432EE24D05D5000FF9BA7 /* App Constants */ = {
			isa = PBXGroup;
			children = (
				340432F324D060A900FF9BA7 /* AppConstants.swift */,
				34FB9CF724D450690098D236 /* FontConstants.swift */,
			);
			path = "App Constants";
			sourceTree = "<group>";
		};
		340432F524D107C000FF9BA7 /* Resources */ = {
			isa = PBXGroup;
			children = (
			);
			path = Resources;
			sourceTree = "<group>";
		};
		3449FEA824D52E3300461F14 /* VisitorRepository */ = {
			isa = PBXGroup;
			children = (
				3449FEA624D52DDE00461F14 /* VisitorRepository.swift */,
				3449FEA924D52E4F00461F14 /* VisitorDatabaseRespository.swift */,
			);
			path = VisitorRepository;
			sourceTree = "<group>";
		};
		3449FEAB24D5317100461F14 /* visitRepository */ = {
			isa = PBXGroup;
			children = (
				3449FEAC24D5318A00461F14 /* VisitRepository.swift */,
				3449FEAE24D531EE00461F14 /* VisitDBRepository.swift */,
			);
			path = visitRepository;
			sourceTree = "<group>";
		};
		3449FEB424D5352200461F14 /* Visit History */ = {
			isa = PBXGroup;
			children = (
				3449FEB524D538C900461F14 /* VisitHistoryTableViewCell.swift */,
				3449FEB624D538C900461F14 /* VisitHistoryTableViewCell.xib */,
			);
			path = "Visit History";
			sourceTree = "<group>";
		};
		3449FEBF24D56FD200461F14 /* Alert */ = {
			isa = PBXGroup;
			children = (
				3449FEC024D56FE800461F14 /* UIViewController+Alert.swift */,
			);
			path = Alert;
			sourceTree = "<group>";
		};
		349BC11125063F5400568CE0 /* MokeRepository */ = {
			isa = PBXGroup;
			children = (
				349BC11225063F7700568CE0 /* MockVistRepository.swift */,
				349BC114250640A900568CE0 /* MockVisitorRepository.swift */,
			);
			path = MokeRepository;
			sourceTree = "<group>";
		};
		34B358C824D64C7C0085BE0F /* Extension */ = {
			isa = PBXGroup;
			children = (
				34B358C924D64CE30085BE0F /* Foundation */,
				3449FEBF24D56FD200461F14 /* Alert */,
				340432ED24D05D4500FF9BA7 /* Views */,
			);
			path = Extension;
			sourceTree = "<group>";
		};
		34B358C924D64CE30085BE0F /* Foundation */ = {
			isa = PBXGroup;
			children = (
				34B358CA24D64D000085BE0F /* String+Extension.swift */,
			);
			path = Foundation;
			sourceTree = "<group>";
		};
		34FB9CF924D456510098D236 /* Image Picker */ = {
			isa = PBXGroup;
			children = (
				34FB9CFA24D4566B0098D236 /* ImagePicker.swift */,
			);
			path = "Image Picker";
			sourceTree = "<group>";
		};
		730EAB3287EFE1D44601DAC1 /* Frameworks */ = {
			isa = PBXGroup;
			children = (
				341EA34124D98E2200D83AF2 /* Nimble.framework */,
				341EA34324D98E2200D83AF2 /* Quick.framework */,
				341EA33C24D9881F00D83AF2 /* Quick.framework */,
				341EA33A24D9881300D83AF2 /* Nimble.framework */,
				341EA33824D987F400D83AF2 /* Nimble.framework */,
				341EA33624D987EC00D83AF2 /* Quick.framework */,
				E099858B368CFFE14D055F5F /* Pods_Covid_Track.framework */,
				695D3997F363E1CD779B320F /* Pods_Covid_TrackTests.framework */,
			);
			name = Frameworks;
			sourceTree = "<group>";
		};
		DCDDF46D906F34F956FE843C /* Pods */ = {
			isa = PBXGroup;
			children = (
				6600A693F8D2A321E000DEB0 /* Pods-Covid Track.debug.xcconfig */,
				A5B481BB954DC4A2F52A6818 /* Pods-Covid Track.release.xcconfig */,
				17A704BD0433CF09AC223025 /* Pods-Covid TrackTests.debug.xcconfig */,
				3C01ADF089C4CF1DE2CDF542 /* Pods-Covid TrackTests.release.xcconfig */,
			);
			path = Pods;
			sourceTree = "<group>";
		};
/* End PBXGroup section */

/* Begin PBXNativeTarget section */
		3404329C24D04D7300FF9BA7 /* Covid Track */ = {
			isa = PBXNativeTarget;
			buildConfigurationList = 340432BC24D04D7500FF9BA7 /* Build configuration list for PBXNativeTarget "Covid Track" */;
			buildPhases = (
				E9883F079E883BEC5535EC9C /* [CP] Check Pods Manifest.lock */,
				3404329924D04D7300FF9BA7 /* Sources */,
				3404329A24D04D7300FF9BA7 /* Frameworks */,
				3404329B24D04D7300FF9BA7 /* Resources */,
				A2C803DFDE0704210DFD66DD /* [CP] Embed Pods Frameworks */,
			);
			buildRules = (
			);
			dependencies = (
			);
			name = "Covid Track";
			productName = "Covid Track";
			productReference = 3404329D24D04D7300FF9BA7 /* Covid Track.app */;
			productType = "com.apple.product-type.application";
		};
		340432B224D04D7500FF9BA7 /* Covid TrackTests */ = {
			isa = PBXNativeTarget;
			buildConfigurationList = 340432BF24D04D7500FF9BA7 /* Build configuration list for PBXNativeTarget "Covid TrackTests" */;
			buildPhases = (
				C518B66E49B268DE9F1D422E /* [CP] Check Pods Manifest.lock */,
				340432AF24D04D7500FF9BA7 /* Sources */,
				340432B024D04D7500FF9BA7 /* Frameworks */,
				340432B124D04D7500FF9BA7 /* Resources */,
				ABBEC4B5806AEBFC596C29AC /* [CP] Embed Pods Frameworks */,
			);
			buildRules = (
			);
			dependencies = (
				340432B524D04D7500FF9BA7 /* PBXTargetDependency */,
			);
			name = "Covid TrackTests";
			productName = "Covid TrackTests";
			productReference = 340432B324D04D7500FF9BA7 /* Covid TrackTests.xctest */;
			productType = "com.apple.product-type.bundle.unit-test";
		};
/* End PBXNativeTarget section */

/* Begin PBXProject section */
		3404329524D04D7300FF9BA7 /* Project object */ = {
			isa = PBXProject;
			attributes = {
				LastSwiftUpdateCheck = 1160;
				LastUpgradeCheck = 1160;
				ORGANIZATIONNAME = "Samip shah";
				TargetAttributes = {
					3404329C24D04D7300FF9BA7 = {
						CreatedOnToolsVersion = 11.6;
					};
					340432B224D04D7500FF9BA7 = {
						CreatedOnToolsVersion = 11.6;
						LastSwiftMigration = 1160;
						TestTargetID = 3404329C24D04D7300FF9BA7;
					};
				};
			};
			buildConfigurationList = 3404329824D04D7300FF9BA7 /* Build configuration list for PBXProject "Covid Track" */;
			compatibilityVersion = "Xcode 9.3";
			developmentRegion = en;
			hasScannedForEncodings = 0;
			knownRegions = (
				en,
				Base,
			);
			mainGroup = 3404329424D04D7300FF9BA7;
			productRefGroup = 3404329E24D04D7300FF9BA7 /* Products */;
			projectDirPath = "";
			projectRoot = "";
			targets = (
				3404329C24D04D7300FF9BA7 /* Covid Track */,
				340432B224D04D7500FF9BA7 /* Covid TrackTests */,
			);
		};
/* End PBXProject section */

/* Begin PBXResourcesBuildPhase section */
		3404329B24D04D7300FF9BA7 /* Resources */ = {
			isa = PBXResourcesBuildPhase;
			buildActionMask = 2147483647;
			files = (
				340432AD24D04D7500FF9BA7 /* LaunchScreen.storyboard in Resources */,
				340432AA24D04D7500FF9BA7 /* Assets.xcassets in Resources */,
				3449FEB824D538C900461F14 /* VisitHistoryTableViewCell.xib in Resources */,
				340432A824D04D7300FF9BA7 /* Visit.storyboard in Resources */,
			);
			runOnlyForDeploymentPostprocessing = 0;
		};
		340432B124D04D7500FF9BA7 /* Resources */ = {
			isa = PBXResourcesBuildPhase;
			buildActionMask = 2147483647;
			files = (
			);
			runOnlyForDeploymentPostprocessing = 0;
		};
/* End PBXResourcesBuildPhase section */

/* Begin PBXShellScriptBuildPhase section */
		A2C803DFDE0704210DFD66DD /* [CP] Embed Pods Frameworks */ = {
			isa = PBXShellScriptBuildPhase;
			buildActionMask = 2147483647;
			files = (
			);
			inputFileListPaths = (
				"${PODS_ROOT}/Target Support Files/Pods-Covid Track/Pods-Covid Track-frameworks-${CONFIGURATION}-input-files.xcfilelist",
			);
			name = "[CP] Embed Pods Frameworks";
			outputFileListPaths = (
				"${PODS_ROOT}/Target Support Files/Pods-Covid Track/Pods-Covid Track-frameworks-${CONFIGURATION}-output-files.xcfilelist",
			);
			runOnlyForDeploymentPostprocessing = 0;
			shellPath = /bin/sh;
			shellScript = "\"${PODS_ROOT}/Target Support Files/Pods-Covid Track/Pods-Covid Track-frameworks.sh\"\n";
			showEnvVarsInLog = 0;
		};
		ABBEC4B5806AEBFC596C29AC /* [CP] Embed Pods Frameworks */ = {
			isa = PBXShellScriptBuildPhase;
			buildActionMask = 2147483647;
			files = (
			);
			inputFileListPaths = (
				"${PODS_ROOT}/Target Support Files/Pods-Covid TrackTests/Pods-Covid TrackTests-frameworks-${CONFIGURATION}-input-files.xcfilelist",
			);
			name = "[CP] Embed Pods Frameworks";
			outputFileListPaths = (
				"${PODS_ROOT}/Target Support Files/Pods-Covid TrackTests/Pods-Covid TrackTests-frameworks-${CONFIGURATION}-output-files.xcfilelist",
			);
			runOnlyForDeploymentPostprocessing = 0;
			shellPath = /bin/sh;
			shellScript = "\"${PODS_ROOT}/Target Support Files/Pods-Covid TrackTests/Pods-Covid TrackTests-frameworks.sh\"\n";
			showEnvVarsInLog = 0;
		};
		C518B66E49B268DE9F1D422E /* [CP] Check Pods Manifest.lock */ = {
			isa = PBXShellScriptBuildPhase;
			buildActionMask = 2147483647;
			files = (
			);
			inputFileListPaths = (
			);
			inputPaths = (
				"${PODS_PODFILE_DIR_PATH}/Podfile.lock",
				"${PODS_ROOT}/Manifest.lock",
			);
			name = "[CP] Check Pods Manifest.lock";
			outputFileListPaths = (
			);
			outputPaths = (
				"$(DERIVED_FILE_DIR)/Pods-Covid TrackTests-checkManifestLockResult.txt",
			);
			runOnlyForDeploymentPostprocessing = 0;
			shellPath = /bin/sh;
			shellScript = "diff \"${PODS_PODFILE_DIR_PATH}/Podfile.lock\" \"${PODS_ROOT}/Manifest.lock\" > /dev/null\nif [ $? != 0 ] ; then\n    # print error to STDERR\n    echo \"error: The sandbox is not in sync with the Podfile.lock. Run 'pod install' or update your CocoaPods installation.\" >&2\n    exit 1\nfi\n# This output is used by Xcode 'outputs' to avoid re-running this script phase.\necho \"SUCCESS\" > \"${SCRIPT_OUTPUT_FILE_0}\"\n";
			showEnvVarsInLog = 0;
		};
		E9883F079E883BEC5535EC9C /* [CP] Check Pods Manifest.lock */ = {
			isa = PBXShellScriptBuildPhase;
			buildActionMask = 2147483647;
			files = (
			);
			inputFileListPaths = (
			);
			inputPaths = (
				"${PODS_PODFILE_DIR_PATH}/Podfile.lock",
				"${PODS_ROOT}/Manifest.lock",
			);
			name = "[CP] Check Pods Manifest.lock";
			outputFileListPaths = (
			);
			outputPaths = (
				"$(DERIVED_FILE_DIR)/Pods-Covid Track-checkManifestLockResult.txt",
			);
			runOnlyForDeploymentPostprocessing = 0;
			shellPath = /bin/sh;
			shellScript = "diff \"${PODS_PODFILE_DIR_PATH}/Podfile.lock\" \"${PODS_ROOT}/Manifest.lock\" > /dev/null\nif [ $? != 0 ] ; then\n    # print error to STDERR\n    echo \"error: The sandbox is not in sync with the Podfile.lock. Run 'pod install' or update your CocoaPods installation.\" >&2\n    exit 1\nfi\n# This output is used by Xcode 'outputs' to avoid re-running this script phase.\necho \"SUCCESS\" > \"${SCRIPT_OUTPUT_FILE_0}\"\n";
			showEnvVarsInLog = 0;
		};
/* End PBXShellScriptBuildPhase section */

/* Begin PBXSourcesBuildPhase section */
		3404329924D04D7300FF9BA7 /* Sources */ = {
			isa = PBXSourcesBuildPhase;
			buildActionMask = 2147483647;
			files = (
				340432F024D05D8900FF9BA7 /* Cell+ResubaleView.swift in Sources */,
				3449FEA324D511CC00461F14 /* Button+Extension.swift in Sources */,
				34B358CD24D68DDF0085BE0F /* View+Extension.swift in Sources */,
				3449FEA124D5100100461F14 /* VisitRecordViewController+TemperaturePicker.swift in Sources */,
				340432D224D04FE700FF9BA7 /* VisitHistoryViewController.swift in Sources */,
				34FB9CF824D450690098D236 /* FontConstants.swift in Sources */,
				34FB9CFB24D4566B0098D236 /* ImagePicker.swift in Sources */,
				340432F224D05F7C00FF9BA7 /* NibLoadableView.swift in Sources */,
				3449FEBC24D541A600461F14 /* VisitViewModel.swift in Sources */,
				340432DB24D050CA00FF9BA7 /* VisitorModel.swift in Sources */,
				3449FEA724D52DDE00461F14 /* VisitorRepository.swift in Sources */,
				340432F424D060A900FF9BA7 /* AppConstants.swift in Sources */,
				340432D824D0508300FF9BA7 /* VisitModel.swift in Sources */,
				340432E024D0514000FF9BA7 /* VisitDetailViewModel.swift in Sources */,
				340432A124D04D7300FF9BA7 /* AppDelegate.swift in Sources */,
				340432A324D04D7300FF9BA7 /* SceneDelegate.swift in Sources */,
				3449FEAA24D52E4F00461F14 /* VisitorDatabaseRespository.swift in Sources */,
				340432EC24D05A0700FF9BA7 /* StoryboardHelper.swift in Sources */,
				340432E624D056E700FF9BA7 /* StoryboardIdentifiable.swift in Sources */,
				3449FEBA24D53E1300461F14 /* TableView+Extension.swift in Sources */,
				340432D424D04FFB00FF9BA7 /* VisitDetailViewController.swift in Sources */,
				3449FEB724D538C900461F14 /* VisitHistoryTableViewCell.swift in Sources */,
				340432E224D0517600FF9BA7 /* VisitHistoryViewModel.swift in Sources */,
				340432D624D0502300FF9BA7 /* VisitRecordViewController.swift in Sources */,
				340432E424D051A100FF9BA7 /* VisitRecordViewModel.swift in Sources */,
				34FB9CFD24D462D40098D236 /* Image.swift in Sources */,
				3449FEAF24D531EE00461F14 /* VisitDBRepository.swift in Sources */,
				3449FEAD24D5318A00461F14 /* VisitRepository.swift in Sources */,
				34B358CB24D64D000085BE0F /* String+Extension.swift in Sources */,
				3449FEC124D56FE800461F14 /* UIViewController+Alert.swift in Sources */,
			);
			runOnlyForDeploymentPostprocessing = 0;
		};
		340432AF24D04D7500FF9BA7 /* Sources */ = {
			isa = PBXSourcesBuildPhase;
			buildActionMask = 2147483647;
			files = (
				341EA34024D9889600D83AF2 /* VisitRecordSpec.swift in Sources */,
				349BC115250640A900568CE0 /* MockVisitorRepository.swift in Sources */,
				349BC11325063F7700568CE0 /* MockVistRepository.swift in Sources */,
			);
			runOnlyForDeploymentPostprocessing = 0;
		};
/* End PBXSourcesBuildPhase section */

/* Begin PBXTargetDependency section */
		340432B524D04D7500FF9BA7 /* PBXTargetDependency */ = {
			isa = PBXTargetDependency;
			target = 3404329C24D04D7300FF9BA7 /* Covid Track */;
			targetProxy = 340432B424D04D7500FF9BA7 /* PBXContainerItemProxy */;
		};
/* End PBXTargetDependency section */

/* Begin PBXVariantGroup section */
		340432A624D04D7300FF9BA7 /* Visit.storyboard */ = {
			isa = PBXVariantGroup;
			children = (
				340432A724D04D7300FF9BA7 /* Base */,
			);
			name = Visit.storyboard;
			sourceTree = "<group>";
		};
		340432AB24D04D7500FF9BA7 /* LaunchScreen.storyboard */ = {
			isa = PBXVariantGroup;
			children = (
				340432AC24D04D7500FF9BA7 /* Base */,
			);
			name = LaunchScreen.storyboard;
			sourceTree = "<group>";
		};
/* End PBXVariantGroup section */

/* Begin XCBuildConfiguration section */
		340432BA24D04D7500FF9BA7 /* Debug */ = {
			isa = XCBuildConfiguration;
			buildSettings = {
				ALWAYS_SEARCH_USER_PATHS = NO;
				CLANG_ANALYZER_NONNULL = YES;
				CLANG_ANALYZER_NUMBER_OBJECT_CONVERSION = YES_AGGRESSIVE;
				CLANG_CXX_LANGUAGE_STANDARD = "gnu++14";
				CLANG_CXX_LIBRARY = "libc++";
				CLANG_ENABLE_MODULES = YES;
				CLANG_ENABLE_OBJC_ARC = YES;
				CLANG_ENABLE_OBJC_WEAK = YES;
				CLANG_WARN_BLOCK_CAPTURE_AUTORELEASING = YES;
				CLANG_WARN_BOOL_CONVERSION = YES;
				CLANG_WARN_COMMA = YES;
				CLANG_WARN_CONSTANT_CONVERSION = YES;
				CLANG_WARN_DEPRECATED_OBJC_IMPLEMENTATIONS = YES;
				CLANG_WARN_DIRECT_OBJC_ISA_USAGE = YES_ERROR;
				CLANG_WARN_DOCUMENTATION_COMMENTS = YES;
				CLANG_WARN_EMPTY_BODY = YES;
				CLANG_WARN_ENUM_CONVERSION = YES;
				CLANG_WARN_INFINITE_RECURSION = YES;
				CLANG_WARN_INT_CONVERSION = YES;
				CLANG_WARN_NON_LITERAL_NULL_CONVERSION = YES;
				CLANG_WARN_OBJC_IMPLICIT_RETAIN_SELF = YES;
				CLANG_WARN_OBJC_LITERAL_CONVERSION = YES;
				CLANG_WARN_OBJC_ROOT_CLASS = YES_ERROR;
				CLANG_WARN_RANGE_LOOP_ANALYSIS = YES;
				CLANG_WARN_STRICT_PROTOTYPES = YES;
				CLANG_WARN_SUSPICIOUS_MOVE = YES;
				CLANG_WARN_UNGUARDED_AVAILABILITY = YES_AGGRESSIVE;
				CLANG_WARN_UNREACHABLE_CODE = YES;
				CLANG_WARN__DUPLICATE_METHOD_MATCH = YES;
				COPY_PHASE_STRIP = NO;
				DEBUG_INFORMATION_FORMAT = dwarf;
				ENABLE_STRICT_OBJC_MSGSEND = YES;
				ENABLE_TESTABILITY = YES;
				GCC_C_LANGUAGE_STANDARD = gnu11;
				GCC_DYNAMIC_NO_PIC = NO;
				GCC_NO_COMMON_BLOCKS = YES;
				GCC_OPTIMIZATION_LEVEL = 0;
				GCC_PREPROCESSOR_DEFINITIONS = (
					"DEBUG=1",
					"$(inherited)",
				);
				GCC_WARN_64_TO_32_BIT_CONVERSION = YES;
				GCC_WARN_ABOUT_RETURN_TYPE = YES_ERROR;
				GCC_WARN_UNDECLARED_SELECTOR = YES;
				GCC_WARN_UNINITIALIZED_AUTOS = YES_AGGRESSIVE;
				GCC_WARN_UNUSED_FUNCTION = YES;
				GCC_WARN_UNUSED_VARIABLE = YES;
				IPHONEOS_DEPLOYMENT_TARGET = 13.6;
				MTL_ENABLE_DEBUG_INFO = INCLUDE_SOURCE;
				MTL_FAST_MATH = YES;
				ONLY_ACTIVE_ARCH = YES;
				SDKROOT = iphoneos;
				SWIFT_ACTIVE_COMPILATION_CONDITIONS = DEBUG;
				SWIFT_OPTIMIZATION_LEVEL = "-Onone";
			};
			name = Debug;
		};
		340432BB24D04D7500FF9BA7 /* Release */ = {
			isa = XCBuildConfiguration;
			buildSettings = {
				ALWAYS_SEARCH_USER_PATHS = NO;
				CLANG_ANALYZER_NONNULL = YES;
				CLANG_ANALYZER_NUMBER_OBJECT_CONVERSION = YES_AGGRESSIVE;
				CLANG_CXX_LANGUAGE_STANDARD = "gnu++14";
				CLANG_CXX_LIBRARY = "libc++";
				CLANG_ENABLE_MODULES = YES;
				CLANG_ENABLE_OBJC_ARC = YES;
				CLANG_ENABLE_OBJC_WEAK = YES;
				CLANG_WARN_BLOCK_CAPTURE_AUTORELEASING = YES;
				CLANG_WARN_BOOL_CONVERSION = YES;
				CLANG_WARN_COMMA = YES;
				CLANG_WARN_CONSTANT_CONVERSION = YES;
				CLANG_WARN_DEPRECATED_OBJC_IMPLEMENTATIONS = YES;
				CLANG_WARN_DIRECT_OBJC_ISA_USAGE = YES_ERROR;
				CLANG_WARN_DOCUMENTATION_COMMENTS = YES;
				CLANG_WARN_EMPTY_BODY = YES;
				CLANG_WARN_ENUM_CONVERSION = YES;
				CLANG_WARN_INFINITE_RECURSION = YES;
				CLANG_WARN_INT_CONVERSION = YES;
				CLANG_WARN_NON_LITERAL_NULL_CONVERSION = YES;
				CLANG_WARN_OBJC_IMPLICIT_RETAIN_SELF = YES;
				CLANG_WARN_OBJC_LITERAL_CONVERSION = YES;
				CLANG_WARN_OBJC_ROOT_CLASS = YES_ERROR;
				CLANG_WARN_RANGE_LOOP_ANALYSIS = YES;
				CLANG_WARN_STRICT_PROTOTYPES = YES;
				CLANG_WARN_SUSPICIOUS_MOVE = YES;
				CLANG_WARN_UNGUARDED_AVAILABILITY = YES_AGGRESSIVE;
				CLANG_WARN_UNREACHABLE_CODE = YES;
				CLANG_WARN__DUPLICATE_METHOD_MATCH = YES;
				COPY_PHASE_STRIP = NO;
				DEBUG_INFORMATION_FORMAT = "dwarf-with-dsym";
				ENABLE_NS_ASSERTIONS = NO;
				ENABLE_STRICT_OBJC_MSGSEND = YES;
				GCC_C_LANGUAGE_STANDARD = gnu11;
				GCC_NO_COMMON_BLOCKS = YES;
				GCC_WARN_64_TO_32_BIT_CONVERSION = YES;
				GCC_WARN_ABOUT_RETURN_TYPE = YES_ERROR;
				GCC_WARN_UNDECLARED_SELECTOR = YES;
				GCC_WARN_UNINITIALIZED_AUTOS = YES_AGGRESSIVE;
				GCC_WARN_UNUSED_FUNCTION = YES;
				GCC_WARN_UNUSED_VARIABLE = YES;
				IPHONEOS_DEPLOYMENT_TARGET = 13.6;
				MTL_ENABLE_DEBUG_INFO = NO;
				MTL_FAST_MATH = YES;
				SDKROOT = iphoneos;
				SWIFT_COMPILATION_MODE = wholemodule;
				SWIFT_OPTIMIZATION_LEVEL = "-O";
				VALIDATE_PRODUCT = YES;
			};
			name = Release;
		};
		340432BD24D04D7500FF9BA7 /* Debug */ = {
			isa = XCBuildConfiguration;
			baseConfigurationReference = 6600A693F8D2A321E000DEB0 /* Pods-Covid Track.debug.xcconfig */;
			buildSettings = {
				ASSETCATALOG_COMPILER_APPICON_NAME = AppIcon;
				CODE_SIGN_STYLE = Automatic;
				DEFINES_MODULE = YES;
				DEVELOPMENT_TEAM = 5H95LP8XAJ;
				INFOPLIST_FILE = "Covid Track/Info.plist";
				LD_RUNPATH_SEARCH_PATHS = (
					"$(inherited)",
					"@executable_path/Frameworks",
				);
				PRODUCT_BUNDLE_IDENTIFIER = "com.samip.Covid-Track";
				PRODUCT_NAME = "$(TARGET_NAME)";
				SWIFT_VERSION = 5.0;
				TARGETED_DEVICE_FAMILY = "1,2";
			};
			name = Debug;
		};
		340432BE24D04D7500FF9BA7 /* Release */ = {
			isa = XCBuildConfiguration;
			baseConfigurationReference = A5B481BB954DC4A2F52A6818 /* Pods-Covid Track.release.xcconfig */;
			buildSettings = {
				ASSETCATALOG_COMPILER_APPICON_NAME = AppIcon;
				CODE_SIGN_STYLE = Automatic;
				DEFINES_MODULE = YES;
				DEVELOPMENT_TEAM = 5H95LP8XAJ;
				INFOPLIST_FILE = "Covid Track/Info.plist";
				LD_RUNPATH_SEARCH_PATHS = (
					"$(inherited)",
					"@executable_path/Frameworks",
				);
				PRODUCT_BUNDLE_IDENTIFIER = "com.samip.Covid-Track";
				PRODUCT_NAME = "$(TARGET_NAME)";
				SWIFT_VERSION = 5.0;
				TARGETED_DEVICE_FAMILY = "1,2";
			};
			name = Release;
		};
		340432C024D04D7500FF9BA7 /* Debug */ = {
			isa = XCBuildConfiguration;
			baseConfigurationReference = 17A704BD0433CF09AC223025 /* Pods-Covid TrackTests.debug.xcconfig */;
			buildSettings = {
				ALWAYS_EMBED_SWIFT_STANDARD_LIBRARIES = YES;
				BUNDLE_LOADER = "$(TEST_HOST)";
				CLANG_ENABLE_MODULES = YES;
				CODE_SIGN_STYLE = Automatic;
				DEVELOPMENT_TEAM = 5H95LP8XAJ;
				INFOPLIST_FILE = "Covid TrackTests/Info.plist";
				IPHONEOS_DEPLOYMENT_TARGET = 13.6;
				LD_RUNPATH_SEARCH_PATHS = (
					"$(inherited)",
					"@executable_path/Frameworks",
					"@loader_path/Frameworks",
				);
				PRODUCT_BUNDLE_IDENTIFIER = "com.samip.Covid-TrackTests";
				PRODUCT_NAME = "$(TARGET_NAME)";
				SWIFT_OBJC_BRIDGING_HEADER = "Covid TrackTests/Covid TrackTests-Bridging-Header.h";
				SWIFT_OPTIMIZATION_LEVEL = "-Onone";
				SWIFT_VERSION = 5.0;
				TARGETED_DEVICE_FAMILY = "1,2";
				TEST_HOST = "$(BUILT_PRODUCTS_DIR)/Covid Track.app/Covid Track";
			};
			name = Debug;
		};
		340432C124D04D7500FF9BA7 /* Release */ = {
			isa = XCBuildConfiguration;
			baseConfigurationReference = 3C01ADF089C4CF1DE2CDF542 /* Pods-Covid TrackTests.release.xcconfig */;
			buildSettings = {
				ALWAYS_EMBED_SWIFT_STANDARD_LIBRARIES = YES;
				BUNDLE_LOADER = "$(TEST_HOST)";
				CLANG_ENABLE_MODULES = YES;
				CODE_SIGN_STYLE = Automatic;
				DEVELOPMENT_TEAM = 5H95LP8XAJ;
				INFOPLIST_FILE = "Covid TrackTests/Info.plist";
				IPHONEOS_DEPLOYMENT_TARGET = 13.6;
				LD_RUNPATH_SEARCH_PATHS = (
					"$(inherited)",
					"@executable_path/Frameworks",
					"@loader_path/Frameworks",
				);
				PRODUCT_BUNDLE_IDENTIFIER = "com.samip.Covid-TrackTests";
				PRODUCT_NAME = "$(TARGET_NAME)";
				SWIFT_OBJC_BRIDGING_HEADER = "Covid TrackTests/Covid TrackTests-Bridging-Header.h";
				SWIFT_VERSION = 5.0;
				TARGETED_DEVICE_FAMILY = "1,2";
				TEST_HOST = "$(BUILT_PRODUCTS_DIR)/Covid Track.app/Covid Track";
			};
			name = Release;
		};
/* End XCBuildConfiguration section */

/* Begin XCConfigurationList section */
		3404329824D04D7300FF9BA7 /* Build configuration list for PBXProject "Covid Track" */ = {
			isa = XCConfigurationList;
			buildConfigurations = (
				340432BA24D04D7500FF9BA7 /* Debug */,
				340432BB24D04D7500FF9BA7 /* Release */,
			);
			defaultConfigurationIsVisible = 0;
			defaultConfigurationName = Release;
		};
		340432BC24D04D7500FF9BA7 /* Build configuration list for PBXNativeTarget "Covid Track" */ = {
			isa = XCConfigurationList;
			buildConfigurations = (
				340432BD24D04D7500FF9BA7 /* Debug */,
				340432BE24D04D7500FF9BA7 /* Release */,
			);
			defaultConfigurationIsVisible = 0;
			defaultConfigurationName = Release;
		};
		340432BF24D04D7500FF9BA7 /* Build configuration list for PBXNativeTarget "Covid TrackTests" */ = {
			isa = XCConfigurationList;
			buildConfigurations = (
				340432C024D04D7500FF9BA7 /* Debug */,
				340432C124D04D7500FF9BA7 /* Release */,
			);
			defaultConfigurationIsVisible = 0;
			defaultConfigurationName = Release;
		};
/* End XCConfigurationList section */
	};
	rootObject = 3404329524D04D7300FF9BA7 /* Project object */;
}
